// !$*UTF8*$!
{
	archiveVersion = 1;
	classes = {
	};
	objectVersion = 56;
	objects = {

/* Begin PBXBuildFile section */
		52C2BAAA2A1D56B4005E3F99 /* UdemyCourseApp.swift in Sources */ = {isa = PBXBuildFile; fileRef = 52C2BAA92A1D56B4005E3F99 /* UdemyCourseApp.swift */; };
		52C2BAAC2A1D56B4005E3F99 /* ContentView.swift in Sources */ = {isa = PBXBuildFile; fileRef = 52C2BAAB2A1D56B4005E3F99 /* ContentView.swift */; };
		52C2BAAE2A1D56B7005E3F99 /* Assets.xcassets in Resources */ = {isa = PBXBuildFile; fileRef = 52C2BAAD2A1D56B7005E3F99 /* Assets.xcassets */; };
		52C2BAB12A1D56B7005E3F99 /* Preview Assets.xcassets in Resources */ = {isa = PBXBuildFile; fileRef = 52C2BAB02A1D56B7005E3F99 /* Preview Assets.xcassets */; };
		52C2BABB2A1D56B8005E3F99 /* UdemyCourseTests.swift in Sources */ = {isa = PBXBuildFile; fileRef = 52C2BABA2A1D56B8005E3F99 /* UdemyCourseTests.swift */; };
		52C2BAC52A1D56B8005E3F99 /* UdemyCourseUITests.swift in Sources */ = {isa = PBXBuildFile; fileRef = 52C2BAC42A1D56B8005E3F99 /* UdemyCourseUITests.swift */; };
		52C2BAC72A1D56B8005E3F99 /* UdemyCourseUITestsLaunchTests.swift in Sources */ = {isa = PBXBuildFile; fileRef = 52C2BAC62A1D56B8005E3F99 /* UdemyCourseUITestsLaunchTests.swift */; };
/* End PBXBuildFile section */

/* Begin PBXContainerItemProxy section */
		52C2BAB72A1D56B8005E3F99 /* PBXContainerItemProxy */ = {
			isa = PBXContainerItemProxy;
			containerPortal = 52C2BA9E2A1D56B4005E3F99 /* Project object */;
			proxyType = 1;
			remoteGlobalIDString = 52C2BAA52A1D56B4005E3F99;
			remoteInfo = UdemyCourse;
		};
		52C2BAC12A1D56B8005E3F99 /* PBXContainerItemProxy */ = {
			isa = PBXContainerItemProxy;
			containerPortal = 52C2BA9E2A1D56B4005E3F99 /* Project object */;
			proxyType = 1;
			remoteGlobalIDString = 52C2BAA52A1D56B4005E3F99;
			remoteInfo = UdemyCourse;
		};
/* End PBXContainerItemProxy section */

/* Begin PBXFileReference section */
		52C2BAA62A1D56B4005E3F99 /* UdemyCourse.app */ = {isa = PBXFileReference; explicitFileType = wrapper.application; includeInIndex = 0; path = UdemyCourse.app; sourceTree = BUILT_PRODUCTS_DIR; };
		52C2BAA92A1D56B4005E3F99 /* UdemyCourseApp.swift */ = {isa = PBXFileReference; lastKnownFileType = sourcecode.swift; path = UdemyCourseApp.swift; sourceTree = "<group>"; };
		52C2BAAB2A1D56B4005E3F99 /* ContentView.swift */ = {isa = PBXFileReference; lastKnownFileType = sourcecode.swift; path = ContentView.swift; sourceTree = "<group>"; };
		52C2BAAD2A1D56B7005E3F99 /* Assets.xcassets */ = {isa = PBXFileReference; lastKnownFileType = folder.assetcatalog; path = Assets.xcassets; sourceTree = "<group>"; };
		52C2BAB02A1D56B7005E3F99 /* Preview Assets.xcassets */ = {isa = PBXFileReference; lastKnownFileType = folder.assetcatalog; path = "Preview Assets.xcassets"; sourceTree = "<group>"; };
		52C2BAB62A1D56B8005E3F99 /* UdemyCourseTests.xctest */ = {isa = PBXFileReference; explicitFileType = wrapper.cfbundle; includeInIndex = 0; path = UdemyCourseTests.xctest; sourceTree = BUILT_PRODUCTS_DIR; };
		52C2BABA2A1D56B8005E3F99 /* UdemyCourseTests.swift */ = {isa = PBXFileReference; lastKnownFileType = sourcecode.swift; path = UdemyCourseTests.swift; sourceTree = "<group>"; };
		52C2BAC02A1D56B8005E3F99 /* UdemyCourseUITests.xctest */ = {isa = PBXFileReference; explicitFileType = wrapper.cfbundle; includeInIndex = 0; path = UdemyCourseUITests.xctest; sourceTree = BUILT_PRODUCTS_DIR; };
		52C2BAC42A1D56B8005E3F99 /* UdemyCourseUITests.swift */ = {isa = PBXFileReference; lastKnownFileType = sourcecode.swift; path = UdemyCourseUITests.swift; sourceTree = "<group>"; };
		52C2BAC62A1D56B8005E3F99 /* UdemyCourseUITestsLaunchTests.swift */ = {isa = PBXFileReference; lastKnownFileType = sourcecode.swift; path = UdemyCourseUITestsLaunchTests.swift; sourceTree = "<group>"; };
/* End PBXFileReference section */

/* Begin PBXFrameworksBuildPhase section */
		52C2BAA32A1D56B4005E3F99 /* Frameworks */ = {
			isa = PBXFrameworksBuildPhase;
			buildActionMask = 2147483647;
			files = (
			);
			runOnlyForDeploymentPostprocessing = 0;
		};
		52C2BAB32A1D56B8005E3F99 /* Frameworks */ = {
			isa = PBXFrameworksBuildPhase;
			buildActionMask = 2147483647;
			files = (
			);
			runOnlyForDeploymentPostprocessing = 0;
		};
		52C2BABD2A1D56B8005E3F99 /* Frameworks */ = {
			isa = PBXFrameworksBuildPhase;
			buildActionMask = 2147483647;
			files = (
			);
			runOnlyForDeploymentPostprocessing = 0;
		};
/* End PBXFrameworksBuildPhase section */

/* Begin PBXGroup section */
		52C2BA9D2A1D56B4005E3F99 = {
			isa = PBXGroup;
			children = (
				52C2BAA82A1D56B4005E3F99 /* UdemyCourse */,
				52C2BAB92A1D56B8005E3F99 /* UdemyCourseTests */,
				52C2BAC32A1D56B8005E3F99 /* UdemyCourseUITests */,
				52C2BAA72A1D56B4005E3F99 /* Products */,
			);
			sourceTree = "<group>";
		};
		52C2BAA72A1D56B4005E3F99 /* Products */ = {
			isa = PBXGroup;
			children = (
				52C2BAA62A1D56B4005E3F99 /* UdemyCourse.app */,
				52C2BAB62A1D56B8005E3F99 /* UdemyCourseTests.xctest */,
				52C2BAC02A1D56B8005E3F99 /* UdemyCourseUITests.xctest */,
			);
			name = Products;
			sourceTree = "<group>";
		};
		52C2BAA82A1D56B4005E3F99 /* UdemyCourse */ = {
			isa = PBXGroup;
			children = (
				52C2BAA92A1D56B4005E3F99 /* UdemyCourseApp.swift */,
				52C2BAAB2A1D56B4005E3F99 /* ContentView.swift */,
				52C2BAAD2A1D56B7005E3F99 /* Assets.xcassets */,
				52C2BAAF2A1D56B7005E3F99 /* Preview Content */,
			);
			path = UdemyCourse;
			sourceTree = "<group>";
		};
		52C2BAAF2A1D56B7005E3F99 /* Preview Content */ = {
			isa = PBXGroup;
			children = (
				52C2BAB02A1D56B7005E3F99 /* Preview Assets.xcassets */,
			);
			path = "Preview Content";
			sourceTree = "<group>";
		};
		52C2BAB92A1D56B8005E3F99 /* UdemyCourseTests */ = {
			isa = PBXGroup;
			children = (
				52C2BABA2A1D56B8005E3F99 /* UdemyCourseTests.swift */,
			);
			path = UdemyCourseTests;
			sourceTree = "<group>";
		};
		52C2BAC32A1D56B8005E3F99 /* UdemyCourseUITests */ = {
			isa = PBXGroup;
			children = (
				52C2BAC42A1D56B8005E3F99 /* UdemyCourseUITests.swift */,
				52C2BAC62A1D56B8005E3F99 /* UdemyCourseUITestsLaunchTests.swift */,
			);
			path = UdemyCourseUITests;
			sourceTree = "<group>";
		};
/* End PBXGroup section */

/* Begin PBXNativeTarget section */
		52C2BAA52A1D56B4005E3F99 /* UdemyCourse */ = {
			isa = PBXNativeTarget;
			buildConfigurationList = 52C2BACA2A1D56B8005E3F99 /* Build configuration list for PBXNativeTarget "UdemyCourse" */;
			buildPhases = (
				52C2BAA22A1D56B4005E3F99 /* Sources */,
				52C2BAA32A1D56B4005E3F99 /* Frameworks */,
				52C2BAA42A1D56B4005E3F99 /* Resources */,
			);
			buildRules = (
			);
			dependencies = (
			);
			name = UdemyCourse;
			productName = UdemyCourse;
			productReference = 52C2BAA62A1D56B4005E3F99 /* UdemyCourse.app */;
			productType = "com.apple.product-type.application";
		};
		52C2BAB52A1D56B8005E3F99 /* UdemyCourseTests */ = {
			isa = PBXNativeTarget;
			buildConfigurationList = 52C2BACD2A1D56B8005E3F99 /* Build configuration list for PBXNativeTarget "UdemyCourseTests" */;
			buildPhases = (
				52C2BAB22A1D56B8005E3F99 /* Sources */,
				52C2BAB32A1D56B8005E3F99 /* Frameworks */,
				52C2BAB42A1D56B8005E3F99 /* Resources */,
			);
			buildRules = (
			);
			dependencies = (
				52C2BAB82A1D56B8005E3F99 /* PBXTargetDependency */,
			);
			name = UdemyCourseTests;
			productName = UdemyCourseTests;
			productReference = 52C2BAB62A1D56B8005E3F99 /* UdemyCourseTests.xctest */;
			productType = "com.apple.product-type.bundle.unit-test";
		};
		52C2BABF2A1D56B8005E3F99 /* UdemyCourseUITests */ = {
			isa = PBXNativeTarget;
			buildConfigurationList = 52C2BAD02A1D56B8005E3F99 /* Build configuration list for PBXNativeTarget "UdemyCourseUITests" */;
			buildPhases = (
				52C2BABC2A1D56B8005E3F99 /* Sources */,
				52C2BABD2A1D56B8005E3F99 /* Frameworks */,
				52C2BABE2A1D56B8005E3F99 /* Resources */,
			);
			buildRules = (
			);
			dependencies = (
				52C2BAC22A1D56B8005E3F99 /* PBXTargetDependency */,
			);
			name = UdemyCourseUITests;
			productName = UdemyCourseUITests;
			productReference = 52C2BAC02A1D56B8005E3F99 /* UdemyCourseUITests.xctest */;
			productType = "com.apple.product-type.bundle.ui-testing";
		};
/* End PBXNativeTarget section */

/* Begin PBXProject section */
		52C2BA9E2A1D56B4005E3F99 /* Project object */ = {
			isa = PBXProject;
			attributes = {
				BuildIndependentTargetsInParallel = 1;
				LastSwiftUpdateCheck = 1400;
				LastUpgradeCheck = 1400;
				TargetAttributes = {
					52C2BAA52A1D56B4005E3F99 = {
						CreatedOnToolsVersion = 14.0.1;
					};
					52C2BAB52A1D56B8005E3F99 = {
						CreatedOnToolsVersion = 14.0.1;
						TestTargetID = 52C2BAA52A1D56B4005E3F99;
					};
					52C2BABF2A1D56B8005E3F99 = {
						CreatedOnToolsVersion = 14.0.1;
						TestTargetID = 52C2BAA52A1D56B4005E3F99;
					};
				};
			};
			buildConfigurationList = 52C2BAA12A1D56B4005E3F99 /* Build configuration list for PBXProject "UdemyCourse" */;
			compatibilityVersion = "Xcode 14.0";
			developmentRegion = en;
			hasScannedForEncodings = 0;
			knownRegions = (
				en,
				Base,
			);
			mainGroup = 52C2BA9D2A1D56B4005E3F99;
			productRefGroup = 52C2BAA72A1D56B4005E3F99 /* Products */;
			projectDirPath = "";
			projectRoot = "";
			targets = (
				52C2BAA52A1D56B4005E3F99 /* UdemyCourse */,
				52C2BAB52A1D56B8005E3F99 /* UdemyCourseTests */,
				52C2BABF2A1D56B8005E3F99 /* UdemyCourseUITests */,
			);
		};
/* End PBXProject section */

/* Begin PBXResourcesBuildPhase section */
		52C2BAA42A1D56B4005E3F99 /* Resources */ = {
			isa = PBXResourcesBuildPhase;
			buildActionMask = 2147483647;
			files = (
				52C2BAB12A1D56B7005E3F99 /* Preview Assets.xcassets in Resources */,
				52C2BAAE2A1D56B7005E3F99 /* Assets.xcassets in Resources */,
			);
			runOnlyForDeploymentPostprocessing = 0;
		};
		52C2BAB42A1D56B8005E3F99 /* Resources */ = {
			isa = PBXResourcesBuildPhase;
			buildActionMask = 2147483647;
			files = (
			);
			runOnlyForDeploymentPostprocessing = 0;
		};
		52C2BABE2A1D56B8005E3F99 /* Resources */ = {
			isa = PBXResourcesBuildPhase;
			buildActionMask = 2147483647;
			files = (
			);
			runOnlyForDeploymentPostprocessing = 0;
		};
/* End PBXResourcesBuildPhase section */

/* Begin PBXSourcesBuildPhase section */
		52C2BAA22A1D56B4005E3F99 /* Sources */ = {
			isa = PBXSourcesBuildPhase;
			buildActionMask = 2147483647;
			files = (
				52C2BAAC2A1D56B4005E3F99 /* ContentView.swift in Sources */,
				52C2BAAA2A1D56B4005E3F99 /* UdemyCourseApp.swift in Sources */,
			);
			runOnlyForDeploymentPostprocessing = 0;
		};
		52C2BAB22A1D56B8005E3F99 /* Sources */ = {
			isa = PBXSourcesBuildPhase;
			buildActionMask = 2147483647;
			files = (
				52C2BABB2A1D56B8005E3F99 /* UdemyCourseTests.swift in Sources */,
			);
			runOnlyForDeploymentPostprocessing = 0;
		};
		52C2BABC2A1D56B8005E3F99 /* Sources */ = {
			isa = PBXSourcesBuildPhase;
			buildActionMask = 2147483647;
			files = (
				52C2BAC72A1D56B8005E3F99 /* UdemyCourseUITestsLaunchTests.swift in Sources */,
				52C2BAC52A1D56B8005E3F99 /* UdemyCourseUITests.swift in Sources */,
			);
			runOnlyForDeploymentPostprocessing = 0;
		};
/* End PBXSourcesBuildPhase section */

/* Begin PBXTargetDependency section */
		52C2BAB82A1D56B8005E3F99 /* PBXTargetDependency */ = {
			isa = PBXTargetDependency;
			target = 52C2BAA52A1D56B4005E3F99 /* UdemyCourse */;
			targetProxy = 52C2BAB72A1D56B8005E3F99 /* PBXContainerItemProxy */;
		};
		52C2BAC22A1D56B8005E3F99 /* PBXTargetDependency */ = {
			isa = PBXTargetDependency;
			target = 52C2BAA52A1D56B4005E3F99 /* UdemyCourse */;
			targetProxy = 52C2BAC12A1D56B8005E3F99 /* PBXContainerItemProxy */;
		};
/* End PBXTargetDependency section */

/* Begin XCBuildConfiguration section */
		52C2BAC82A1D56B8005E3F99 /* Debug */ = {
			isa = XCBuildConfiguration;
			buildSettings = {
				ALWAYS_SEARCH_USER_PATHS = NO;
				CLANG_ANALYZER_NONNULL = YES;
				CLANG_ANALYZER_NUMBER_OBJECT_CONVERSION = YES_AGGRESSIVE;
				CLANG_CXX_LANGUAGE_STANDARD = "gnu++20";
				CLANG_ENABLE_MODULES = YES;
				CLANG_ENABLE_OBJC_ARC = YES;
				CLANG_ENABLE_OBJC_WEAK = YES;
				CLANG_WARN_BLOCK_CAPTURE_AUTORELEASING = YES;
				CLANG_WARN_BOOL_CONVERSION = YES;
				CLANG_WARN_COMMA = YES;
				CLANG_WARN_CONSTANT_CONVERSION = YES;
				CLANG_WARN_DEPRECATED_OBJC_IMPLEMENTATIONS = YES;
				CLANG_WARN_DIRECT_OBJC_ISA_USAGE = YES_ERROR;
				CLANG_WARN_DOCUMENTATION_COMMENTS = YES;
				CLANG_WARN_EMPTY_BODY = YES;
				CLANG_WARN_ENUM_CONVERSION = YES;
				CLANG_WARN_INFINITE_RECURSION = YES;
				CLANG_WARN_INT_CONVERSION = YES;
				CLANG_WARN_NON_LITERAL_NULL_CONVERSION = YES;
				CLANG_WARN_OBJC_IMPLICIT_RETAIN_SELF = YES;
				CLANG_WARN_OBJC_LITERAL_CONVERSION = YES;
				CLANG_WARN_OBJC_ROOT_CLASS = YES_ERROR;
				CLANG_WARN_QUOTED_INCLUDE_IN_FRAMEWORK_HEADER = YES;
				CLANG_WARN_RANGE_LOOP_ANALYSIS = YES;
				CLANG_WARN_STRICT_PROTOTYPES = YES;
				CLANG_WARN_SUSPICIOUS_MOVE = YES;
				CLANG_WARN_UNGUARDED_AVAILABILITY = YES_AGGRESSIVE;
				CLANG_WARN_UNREACHABLE_CODE = YES;
				CLANG_WARN__DUPLICATE_METHOD_MATCH = YES;
				COPY_PHASE_STRIP = NO;
				DEBUG_INFORMATION_FORMAT = dwarf;
				ENABLE_STRICT_OBJC_MSGSEND = YES;
				ENABLE_TESTABILITY = YES;
				GCC_C_LANGUAGE_STANDARD = gnu11;
				GCC_DYNAMIC_NO_PIC = NO;
				GCC_NO_COMMON_BLOCKS = YES;
				GCC_OPTIMIZATION_LEVEL = 0;
				GCC_PREPROCESSOR_DEFINITIONS = (
					"DEBUG=1",
					"$(inherited)",
				);
				GCC_WARN_64_TO_32_BIT_CONVERSION = YES;
				GCC_WARN_ABOUT_RETURN_TYPE = YES_ERROR;
				GCC_WARN_UNDECLARED_SELECTOR = YES;
				GCC_WARN_UNINITIALIZED_AUTOS = YES_AGGRESSIVE;
				GCC_WARN_UNUSED_FUNCTION = YES;
				GCC_WARN_UNUSED_VARIABLE = YES;
				IPHONEOS_DEPLOYMENT_TARGET = 16.0;
				MTL_ENABLE_DEBUG_INFO = INCLUDE_SOURCE;
				MTL_FAST_MATH = YES;
				ONLY_ACTIVE_ARCH = YES;
				SDKROOT = iphoneos;
				SWIFT_ACTIVE_COMPILATION_CONDITIONS = DEBUG;
				SWIFT_OPTIMIZATION_LEVEL = "-Onone";
			};
			name = Debug;
		};
		52C2BAC92A1D56B8005E3F99 /* Release */ = {
			isa = XCBuildConfiguration;
			buildSettings = {
				ALWAYS_SEARCH_USER_PATHS = NO;
				CLANG_ANALYZER_NONNULL = YES;
				CLANG_ANALYZER_NUMBER_OBJECT_CONVERSION = YES_AGGRESSIVE;
				CLANG_CXX_LANGUAGE_STANDARD = "gnu++20";
				CLANG_ENABLE_MODULES = YES;
				CLANG_ENABLE_OBJC_ARC = YES;
				CLANG_ENABLE_OBJC_WEAK = YES;
				CLANG_WARN_BLOCK_CAPTURE_AUTORELEASING = YES;
				CLANG_WARN_BOOL_CONVERSION = YES;
				CLANG_WARN_COMMA = YES;
				CLANG_WARN_CONSTANT_CONVERSION = YES;
				CLANG_WARN_DEPRECATED_OBJC_IMPLEMENTATIONS = YES;
				CLANG_WARN_DIRECT_OBJC_ISA_USAGE = YES_ERROR;
				CLANG_WARN_DOCUMENTATION_COMMENTS = YES;
				CLANG_WARN_EMPTY_BODY = YES;
				CLANG_WARN_ENUM_CONVERSION = YES;
				CLANG_WARN_INFINITE_RECURSION = YES;
				CLANG_WARN_INT_CONVERSION = YES;
				CLANG_WARN_NON_LITERAL_NULL_CONVERSION = YES;
				CLANG_WARN_OBJC_IMPLICIT_RETAIN_SELF = YES;
				CLANG_WARN_OBJC_LITERAL_CONVERSION = YES;
				CLANG_WARN_OBJC_ROOT_CLASS = YES_ERROR;
				CLANG_WARN_QUOTED_INCLUDE_IN_FRAMEWORK_HEADER = YES;
				CLANG_WARN_RANGE_LOOP_ANALYSIS = YES;
				CLANG_WARN_STRICT_PROTOTYPES = YES;
				CLANG_WARN_SUSPICIOUS_MOVE = YES;
				CLANG_WARN_UNGUARDED_AVAILABILITY = YES_AGGRESSIVE;
				CLANG_WARN_UNREACHABLE_CODE = YES;
				CLANG_WARN__DUPLICATE_METHOD_MATCH = YES;
				COPY_PHASE_STRIP = NO;
				DEBUG_INFORMATION_FORMAT = "dwarf-with-dsym";
				ENABLE_NS_ASSERTIONS = NO;
				ENABLE_STRICT_OBJC_MSGSEND = YES;
				GCC_C_LANGUAGE_STANDARD = gnu11;
				GCC_NO_COMMON_BLOCKS = YES;
				GCC_WARN_64_TO_32_BIT_CONVERSION = YES;
				GCC_WARN_ABOUT_RETURN_TYPE = YES_ERROR;
				GCC_WARN_UNDECLARED_SELECTOR = YES;
				GCC_WARN_UNINITIALIZED_AUTOS = YES_AGGRESSIVE;
				GCC_WARN_UNUSED_FUNCTION = YES;
				GCC_WARN_UNUSED_VARIABLE = YES;
				IPHONEOS_DEPLOYMENT_TARGET = 16.0;
				MTL_ENABLE_DEBUG_INFO = NO;
				MTL_FAST_MATH = YES;
				SDKROOT = iphoneos;
				SWIFT_COMPILATION_MODE = wholemodule;
				SWIFT_OPTIMIZATION_LEVEL = "-O";
				VALIDATE_PRODUCT = YES;
			};
			name = Release;
		};
		52C2BACB2A1D56B8005E3F99 /* Debug */ = {
			isa = XCBuildConfiguration;
			buildSettings = {
				ASSETCATALOG_COMPILER_APPICON_NAME = AppIcon;
				ASSETCATALOG_COMPILER_GLOBAL_ACCENT_COLOR_NAME = AccentColor;
				CODE_SIGN_STYLE = Automatic;
				CURRENT_PROJECT_VERSION = 1;
				DEVELOPMENT_ASSET_PATHS = "\"UdemyCourse/Preview Content\"";
				ENABLE_PREVIEWS = YES;
				GENERATE_INFOPLIST_FILE = YES;
				INFOPLIST_KEY_UIApplicationSceneManifest_Generation = YES;
				INFOPLIST_KEY_UIApplicationSupportsIndirectInputEvents = YES;
				INFOPLIST_KEY_UILaunchScreen_Generation = YES;
				INFOPLIST_KEY_UISupportedInterfaceOrientations_iPad = "UIInterfaceOrientationPortrait UIInterfaceOrientationPortraitUpsideDown UIInterfaceOrientationLandscapeLeft UIInterfaceOrientationLandscapeRight";
				INFOPLIST_KEY_UISupportedInterfaceOrientations_iPhone = "UIInterfaceOrientationPortrait UIInterfaceOrientationLandscapeLeft UIInterfaceOrientationLandscapeRight";
				LD_RUNPATH_SEARCH_PATHS = (
					"$(inherited)",
					"@executable_path/Frameworks",
				);
				MARKETING_VERSION = 1.0;
				PRODUCT_BUNDLE_IDENTIFIER = com.endava.UdemyCourse;
				PRODUCT_NAME = "$(TARGET_NAME)";
				SWIFT_EMIT_LOC_STRINGS = YES;
				SWIFT_VERSION = 5.0;
				TARGETED_DEVICE_FAMILY = "1,2";
			};
			name = Debug;
		};
		52C2BACC2A1D56B8005E3F99 /* Release */ = {
			isa = XCBuildConfiguration;
			buildSettings = {
				ASSETCATALOG_COMPILER_APPICON_NAME = AppIcon;
				ASSETCATALOG_COMPILER_GLOBAL_ACCENT_COLOR_NAME = AccentColor;
				CODE_SIGN_STYLE = Automatic;
				CURRENT_PROJECT_VERSION = 1;
				DEVELOPMENT_ASSET_PATHS = "\"UdemyCourse/Preview Content\"";
				ENABLE_PREVIEWS = YES;
				GENERATE_INFOPLIST_FILE = YES;
				INFOPLIST_KEY_UIApplicationSceneManifest_Generation = YES;
				INFOPLIST_KEY_UIApplicationSupportsIndirectInputEvents = YES;
				INFOPLIST_KEY_UILaunchScreen_Generation = YES;
				INFOPLIST_KEY_UISupportedInterfaceOrientations_iPad = "UIInterfaceOrientationPortrait UIInterfaceOrientationPortraitUpsideDown UIInterfaceOrientationLandscapeLeft UIInterfaceOrientationLandscapeRight";
				INFOPLIST_KEY_UISupportedInterfaceOrientations_iPhone = "UIInterfaceOrientationPortrait UIInterfaceOrientationLandscapeLeft UIInterfaceOrientationLandscapeRight";
				LD_RUNPATH_SEARCH_PATHS = (
					"$(inherited)",
					"@executable_path/Frameworks",
				);
				MARKETING_VERSION = 1.0;
				PRODUCT_BUNDLE_IDENTIFIER = com.endava.UdemyCourse;
				PRODUCT_NAME = "$(TARGET_NAME)";
				SWIFT_EMIT_LOC_STRINGS = YES;
				SWIFT_VERSION = 5.0;
				TARGETED_DEVICE_FAMILY = "1,2";
			};
			name = Release;
		};
		52C2BACE2A1D56B8005E3F99 /* Debug */ = {
			isa = XCBuildConfiguration;
			buildSettings = {
				ALWAYS_EMBED_SWIFT_STANDARD_LIBRARIES = YES;
				BUNDLE_LOADER = "$(TEST_HOST)";
				CODE_SIGN_STYLE = Automatic;
				CURRENT_PROJECT_VERSION = 1;
				GENERATE_INFOPLIST_FILE = YES;
				IPHONEOS_DEPLOYMENT_TARGET = 16.0;
				MARKETING_VERSION = 1.0;
				PRODUCT_BUNDLE_IDENTIFIER = com.endava.UdemyCourseTests;
				PRODUCT_NAME = "$(TARGET_NAME)";
				SWIFT_EMIT_LOC_STRINGS = NO;
				SWIFT_VERSION = 5.0;
				TARGETED_DEVICE_FAMILY = "1,2";
				TEST_HOST = "$(BUILT_PRODUCTS_DIR)/UdemyCourse.app/$(BUNDLE_EXECUTABLE_FOLDER_PATH)/UdemyCourse";
			};
			name = Debug;
		};
		52C2BACF2A1D56B8005E3F99 /* Release */ = {
			isa = XCBuildConfiguration;
			buildSettings = {
				ALWAYS_EMBED_SWIFT_STANDARD_LIBRARIES = YES;
				BUNDLE_LOADER = "$(TEST_HOST)";
				CODE_SIGN_STYLE = Automatic;
				CURRENT_PROJECT_VERSION = 1;
				GENERATE_INFOPLIST_FILE = YES;
				IPHONEOS_DEPLOYMENT_TARGET = 16.0;
				MARKETING_VERSION = 1.0;
				PRODUCT_BUNDLE_IDENTIFIER = com.endava.UdemyCourseTests;
				PRODUCT_NAME = "$(TARGET_NAME)";
				SWIFT_EMIT_LOC_STRINGS = NO;
				SWIFT_VERSION = 5.0;
				TARGETED_DEVICE_FAMILY = "1,2";
				TEST_HOST = "$(BUILT_PRODUCTS_DIR)/UdemyCourse.app/$(BUNDLE_EXECUTABLE_FOLDER_PATH)/UdemyCourse";
			};
			name = Release;
		};
		52C2BAD12A1D56B8005E3F99 /* Debug */ = {
			isa = XCBuildConfiguration;
			buildSettings = {
				ALWAYS_EMBED_SWIFT_STANDARD_LIBRARIES = YES;
				CODE_SIGN_STYLE = Automatic;
				CURRENT_PROJECT_VERSION = 1;
				GENERATE_INFOPLIST_FILE = YES;
				MARKETING_VERSION = 1.0;
				PRODUCT_BUNDLE_IDENTIFIER = com.endava.UdemyCourseUITests;
				PRODUCT_NAME = "$(TARGET_NAME)";
				SWIFT_EMIT_LOC_STRINGS = NO;
				SWIFT_VERSION = 5.0;
				TARGETED_DEVICE_FAMILY = "1,2";
				TEST_TARGET_NAME = UdemyCourse;
			};
			name = Debug;
		};
		52C2BAD22A1D56B8005E3F99 /* Release */ = {
			isa = XCBuildConfiguration;
			buildSettings = {
				ALWAYS_EMBED_SWIFT_STANDARD_LIBRARIES = YES;
				CODE_SIGN_STYLE = Automatic;
				CURRENT_PROJECT_VERSION = 1;
				GENERATE_INFOPLIST_FILE = YES;
				MARKETING_VERSION = 1.0;
				PRODUCT_BUNDLE_IDENTIFIER = com.endava.UdemyCourseUITests;
				PRODUCT_NAME = "$(TARGET_NAME)";
				SWIFT_EMIT_LOC_STRINGS = NO;
				SWIFT_VERSION = 5.0;
				TARGETED_DEVICE_FAMILY = "1,2";
				TEST_TARGET_NAME = UdemyCourse;
			};
			name = Release;
		};
/* End XCBuildConfiguration section */

/* Begin XCConfigurationList section */
		52C2BAA12A1D56B4005E3F99 /* Build configuration list for PBXProject "UdemyCourse" */ = {
			isa = XCConfigurationList;
			buildConfigurations = (
				52C2BAC82A1D56B8005E3F99 /* Debug */,
				52C2BAC92A1D56B8005E3F99 /* Release */,
			);
			defaultConfigurationIsVisible = 0;
			defaultConfigurationName = Release;
		};
		52C2BACA2A1D56B8005E3F99 /* Build configuration list for PBXNativeTarget "UdemyCourse" */ = {
			isa = XCConfigurationList;
			buildConfigurations = (
				52C2BACB2A1D56B8005E3F99 /* Debug */,
				52C2BACC2A1D56B8005E3F99 /* Release */,
			);
			defaultConfigurationIsVisible = 0;
			defaultConfigurationName = Release;
		};
		52C2BACD2A1D56B8005E3F99 /* Build configuration list for PBXNativeTarget "UdemyCourseTests" */ = {
			isa = XCConfigurationList;
			buildConfigurations = (
				52C2BACE2A1D56B8005E3F99 /* Debug */,
				52C2BACF2A1D56B8005E3F99 /* Release */,
			);
			defaultConfigurationIsVisible = 0;
			defaultConfigurationName = Release;
		};
		52C2BAD02A1D56B8005E3F99 /* Build configuration list for PBXNativeTarget "UdemyCourseUITests" */ = {
			isa = XCConfigurationList;
			buildConfigurations = (
				52C2BAD12A1D56B8005E3F99 /* Debug */,
				52C2BAD22A1D56B8005E3F99 /* Release */,
			);
			defaultConfigurationIsVisible = 0;
			defaultConfigurationName = Release;
		};
/* End XCConfigurationList section */
	};
	rootObject = 52C2BA9E2A1D56B4005E3F99 /* Project object */;
}
